
Microsoft Visual Studio Solution File, Format Version 12.00
# Visual Studio Express 2013 for Windows Desktop
VisualStudioVersion = 12.0.30723.0
MinimumVisualStudioVersion = 10.0.40219.1
Project("{FAE04EC0-301F-11D3-BF4B-00C04F79EFBC}") = "SenseLab", "SenseLab\SenseLab.csproj", "{A5B68C8E-6A01-473C-8B20-6792388DDAAF}"
EndProject
Project("{FAE04EC0-301F-11D3-BF4B-00C04F79EFBC}") = "SenseLab.Common", "SenseLab.Common\SenseLab.Common.csproj", "{475010C0-BB7E-464E-84CB-5FAB1EC09D4F}"
EndProject
Project("{FAE04EC0-301F-11D3-BF4B-00C04F79EFBC}") = "SenseLab.Devices.SensorTag", "SenseLab.Devices.SensorTag\SenseLab.Devices.SensorTag.csproj", "{00DF06B0-E4B5-456B-9D3E-1E15573BFDE2}"
EndProject
Global
	GlobalSection(SolutionConfigurationPlatforms) = preSolution
		Debug|Any CPU = Debug|Any CPU
		Release|Any CPU = Release|Any CPU
	EndGlobalSection
	GlobalSection(ProjectConfigurationPlatforms) = postSolution
		{A5B68C8E-6A01-473C-8B20-6792388DDAAF}.Debug|Any CPU.ActiveCfg = Debug|Any CPU
		{A5B68C8E-6A01-473C-8B20-6792388DDAAF}.Debug|Any CPU.Build.0 = Debug|Any CPU
		{A5B68C8E-6A01-473C-8B20-6792388DDAAF}.Release|Any CPU.ActiveCfg = Release|Any CPU
		{A5B68C8E-6A01-473C-8B20-6792388DDAAF}.Release|Any CPU.Build.0 = Release|Any CPU
		{475010C0-BB7E-464E-84CB-5FAB1EC09D4F}.Debug|Any CPU.ActiveCfg = Debug|Any CPU
		{475010C0-BB7E-464E-84CB-5FAB1EC09D4F}.Debug|Any CPU.Build.0 = Debug|Any CPU
		{475010C0-BB7E-464E-84CB-5FAB1EC09D4F}.Release|Any CPU.ActiveCfg = Release|Any CPU
		{475010C0-BB7E-464E-84CB-5FAB1EC09D4F}.Release|Any CPU.Build.0 = Release|Any CPU
		{00DF06B0-E4B5-456B-9D3E-1E15573BFDE2}.Debug|Any CPU.ActiveCfg = Debug|Any CPU
		{00DF06B0-E4B5-456B-9D3E-1E15573BFDE2}.Debug|Any CPU.Build.0 = Debug|Any CPU
		{00DF06B0-E4B5-456B-9D3E-1E15573BFDE2}.Release|Any CPU.ActiveCfg = Release|Any CPU
		{00DF06B0-E4B5-456B-9D3E-1E15573BFDE2}.Release|Any CPU.Build.0 = Release|Any CPU
	EndGlobalSection
	GlobalSection(SolutionProperties) = preSolution
		HideSolutionNode = FALSE
	EndGlobalSection
EndGlobal
