
Microsoft Visual Studio Solution File, Format Version 12.00
# Visual Studio 2013
VisualStudioVersion = 12.0.30324.0
MinimumVisualStudioVersion = 10.0.40219.1
Project("{FAE04EC0-301F-11D3-BF4B-00C04F79EFBC}") = "SensorTagLibrary", "SensorTagLibrary\SensorTagLibrary.csproj", "{028E5052-8574-4021-8421-A11C3639A9FC}"
EndProject
Project("{2150E333-8FDC-42A3-9474-1A3956D46DE8}") = "SensorTagTest.Universal", "SensorTagTest.Universal", "{BB5EDCAD-FDDA-4B64-9756-5773C85F4FB8}"
EndProject
Project("{D954291E-2A0B-460D-934E-DC6B0785DB48}") = "SensorTagTest.Universal.Shared", "SensorTagTest.Universal\SensorTagTest.Universal.Shared\SensorTagTest.Universal.Shared.shproj", "{E850F33C-F379-4869-8959-FADE272ABBD0}"
EndProject
Project("{FAE04EC0-301F-11D3-BF4B-00C04F79EFBC}") = "SensorTagTest.Universal.Windows", "SensorTagTest.Universal\SensorTagTest.Universal.Windows\SensorTagTest.Universal.Windows.csproj", "{EAA04371-F92D-4ECD-9D5C-2E6253D44F3E}"
EndProject
Project("{FAE04EC0-301F-11D3-BF4B-00C04F79EFBC}") = "SensorTagTest.Universal.WindowsPhone", "SensorTagTest.Universal\SensorTagTest.Universal.WindowsPhone\SensorTagTest.Universal.WindowsPhone.csproj", "{DF8E86F9-F186-49CE-8225-370A00F1B015}"
EndProject
Project("{FAE04EC0-301F-11D3-BF4B-00C04F79EFBC}") = "SensorTagLibrary.WPSL", "SensorTagLibrary.WPSL\SensorTagLibrary.WPSL.csproj", "{98CEA80D-5EA6-4D88-A5D6-596C1E22F7FA}"
EndProject
Global
	GlobalSection(SharedMSBuildProjectFiles) = preSolution
		SensorTagTest.Universal\SensorTagTest.Universal.Shared\SensorTagTest.Universal.Shared.projitems*{e850f33c-f379-4869-8959-fade272abbd0}*SharedItemsImports = 13
		SensorTagTest.Universal\SensorTagTest.Universal.Shared\SensorTagTest.Universal.Shared.projitems*{df8e86f9-f186-49ce-8225-370a00f1b015}*SharedItemsImports = 4
		SensorTagTest.Universal\SensorTagTest.Universal.Shared\SensorTagTest.Universal.Shared.projitems*{eaa04371-f92d-4ecd-9d5c-2e6253d44f3e}*SharedItemsImports = 4
	EndGlobalSection
	GlobalSection(TeamFoundationVersionControl) = preSolution
		SccNumberOfProjects = 7
		SccEnterpriseProvider = {4CA58AB2-18FA-4F8D-95D4-32DDF27D184C}
		SccTeamFoundationServer = https://tfs.codeplex.com/tfs/tfs19
		SccLocalPath0 = .
		SccProjectUniqueName1 = SensorTagLibrary\\SensorTagLibrary.csproj
		SccProjectName1 = SensorTagLibrary
		SccLocalPath1 = SensorTagLibrary
		SccProjectUniqueName2 = SensorTagTest.Universal\\SensorTagTest.Universal.Shared\\SensorTagTest.Universal.Shared.shproj
		SccProjectTopLevelParentUniqueName2 = SensorTagLibrary.sln
		SccProjectName2 = SensorTagTest.Universal/SensorTagTest.Universal.Shared
		SccLocalPath2 = SensorTagTest.Universal\\SensorTagTest.Universal.Shared
		SccProjectUniqueName3 = SensorTagTest.Universal\\SensorTagTest.Universal.Shared\\SensorTagTest.Universal.Shared.projitems
		SccProjectTopLevelParentUniqueName3 = SensorTagLibrary.sln
		SccProjectName3 = SensorTagTest.Universal/SensorTagTest.Universal.Shared
		SccLocalPath3 = SensorTagTest.Universal\\SensorTagTest.Universal.Shared
		SccProjectUniqueName4 = SensorTagTest.Universal\\SensorTagTest.Universal.Windows\\SensorTagTest.Universal.Windows.csproj
		SccProjectTopLevelParentUniqueName4 = SensorTagLibrary.sln
		SccProjectName4 = SensorTagTest.Universal/SensorTagTest.Universal.Windows
		SccLocalPath4 = SensorTagTest.Universal\\SensorTagTest.Universal.Windows
		SccProjectUniqueName5 = SensorTagTest.Universal\\SensorTagTest.Universal.WindowsPhone\\SensorTagTest.Universal.WindowsPhone.csproj
		SccProjectTopLevelParentUniqueName5 = SensorTagLibrary.sln
		SccProjectName5 = SensorTagTest.Universal/SensorTagTest.Universal.WindowsPhone
		SccLocalPath5 = SensorTagTest.Universal\\SensorTagTest.Universal.WindowsPhone
		SccProjectUniqueName6 = SensorTagLibrary.WPSL\\SensorTagLibrary.WPSL.csproj
		SccProjectName6 = SensorTagLibrary.WPSL
		SccLocalPath6 = SensorTagLibrary.WPSL
	EndGlobalSection
	GlobalSection(SolutionConfigurationPlatforms) = preSolution
		Debug|Any CPU = Debug|Any CPU
		Debug|ARM = Debug|ARM
		Debug|x64 = Debug|x64
		Debug|x86 = Debug|x86
		Release|Any CPU = Release|Any CPU
		Release|ARM = Release|ARM
		Release|x64 = Release|x64
		Release|x86 = Release|x86
	EndGlobalSection
	GlobalSection(ProjectConfigurationPlatforms) = postSolution
		{028E5052-8574-4021-8421-A11C3639A9FC}.Debug|Any CPU.ActiveCfg = Debug|Any CPU
		{028E5052-8574-4021-8421-A11C3639A9FC}.Debug|Any CPU.Build.0 = Debug|Any CPU
		{028E5052-8574-4021-8421-A11C3639A9FC}.Debug|ARM.ActiveCfg = Debug|ARM
		{028E5052-8574-4021-8421-A11C3639A9FC}.Debug|ARM.Build.0 = Debug|ARM
		{028E5052-8574-4021-8421-A11C3639A9FC}.Debug|x64.ActiveCfg = Debug|x64
		{028E5052-8574-4021-8421-A11C3639A9FC}.Debug|x64.Build.0 = Debug|x64
		{028E5052-8574-4021-8421-A11C3639A9FC}.Debug|x86.ActiveCfg = Debug|x86
		{028E5052-8574-4021-8421-A11C3639A9FC}.Debug|x86.Build.0 = Debug|x86
		{028E5052-8574-4021-8421-A11C3639A9FC}.Release|Any CPU.ActiveCfg = Release|Any CPU
		{028E5052-8574-4021-8421-A11C3639A9FC}.Release|Any CPU.Build.0 = Release|Any CPU
		{028E5052-8574-4021-8421-A11C3639A9FC}.Release|ARM.ActiveCfg = Release|ARM
		{028E5052-8574-4021-8421-A11C3639A9FC}.Release|ARM.Build.0 = Release|ARM
		{028E5052-8574-4021-8421-A11C3639A9FC}.Release|x64.ActiveCfg = Release|x64
		{028E5052-8574-4021-8421-A11C3639A9FC}.Release|x64.Build.0 = Release|x64
		{028E5052-8574-4021-8421-A11C3639A9FC}.Release|x86.ActiveCfg = Release|x86
		{028E5052-8574-4021-8421-A11C3639A9FC}.Release|x86.Build.0 = Release|x86
		{EAA04371-F92D-4ECD-9D5C-2E6253D44F3E}.Debug|Any CPU.ActiveCfg = Debug|Any CPU
		{EAA04371-F92D-4ECD-9D5C-2E6253D44F3E}.Debug|Any CPU.Build.0 = Debug|Any CPU
		{EAA04371-F92D-4ECD-9D5C-2E6253D44F3E}.Debug|Any CPU.Deploy.0 = Debug|Any CPU
		{EAA04371-F92D-4ECD-9D5C-2E6253D44F3E}.Debug|ARM.ActiveCfg = Debug|ARM
		{EAA04371-F92D-4ECD-9D5C-2E6253D44F3E}.Debug|ARM.Build.0 = Debug|ARM
		{EAA04371-F92D-4ECD-9D5C-2E6253D44F3E}.Debug|ARM.Deploy.0 = Debug|ARM
		{EAA04371-F92D-4ECD-9D5C-2E6253D44F3E}.Debug|x64.ActiveCfg = Debug|x64
		{EAA04371-F92D-4ECD-9D5C-2E6253D44F3E}.Debug|x64.Build.0 = Debug|x64
		{EAA04371-F92D-4ECD-9D5C-2E6253D44F3E}.Debug|x64.Deploy.0 = Debug|x64
		{EAA04371-F92D-4ECD-9D5C-2E6253D44F3E}.Debug|x86.ActiveCfg = Debug|x86
		{EAA04371-F92D-4ECD-9D5C-2E6253D44F3E}.Debug|x86.Build.0 = Debug|x86
		{EAA04371-F92D-4ECD-9D5C-2E6253D44F3E}.Debug|x86.Deploy.0 = Debug|x86
		{EAA04371-F92D-4ECD-9D5C-2E6253D44F3E}.Release|Any CPU.ActiveCfg = Release|Any CPU
		{EAA04371-F92D-4ECD-9D5C-2E6253D44F3E}.Release|Any CPU.Build.0 = Release|Any CPU
		{EAA04371-F92D-4ECD-9D5C-2E6253D44F3E}.Release|Any CPU.Deploy.0 = Release|Any CPU
		{EAA04371-F92D-4ECD-9D5C-2E6253D44F3E}.Release|ARM.ActiveCfg = Release|ARM
		{EAA04371-F92D-4ECD-9D5C-2E6253D44F3E}.Release|ARM.Build.0 = Release|ARM
		{EAA04371-F92D-4ECD-9D5C-2E6253D44F3E}.Release|ARM.Deploy.0 = Release|ARM
		{EAA04371-F92D-4ECD-9D5C-2E6253D44F3E}.Release|x64.ActiveCfg = Release|x64
		{EAA04371-F92D-4ECD-9D5C-2E6253D44F3E}.Release|x64.Build.0 = Release|x64
		{EAA04371-F92D-4ECD-9D5C-2E6253D44F3E}.Release|x64.Deploy.0 = Release|x64
		{EAA04371-F92D-4ECD-9D5C-2E6253D44F3E}.Release|x86.ActiveCfg = Release|x86
		{EAA04371-F92D-4ECD-9D5C-2E6253D44F3E}.Release|x86.Build.0 = Release|x86
		{EAA04371-F92D-4ECD-9D5C-2E6253D44F3E}.Release|x86.Deploy.0 = Release|x86
		{DF8E86F9-F186-49CE-8225-370A00F1B015}.Debug|Any CPU.ActiveCfg = Debug|Any CPU
		{DF8E86F9-F186-49CE-8225-370A00F1B015}.Debug|Any CPU.Build.0 = Debug|Any CPU
		{DF8E86F9-F186-49CE-8225-370A00F1B015}.Debug|Any CPU.Deploy.0 = Debug|Any CPU
		{DF8E86F9-F186-49CE-8225-370A00F1B015}.Debug|ARM.ActiveCfg = Debug|ARM
		{DF8E86F9-F186-49CE-8225-370A00F1B015}.Debug|ARM.Build.0 = Debug|ARM
		{DF8E86F9-F186-49CE-8225-370A00F1B015}.Debug|ARM.Deploy.0 = Debug|ARM
		{DF8E86F9-F186-49CE-8225-370A00F1B015}.Debug|x64.ActiveCfg = Debug|Any CPU
		{DF8E86F9-F186-49CE-8225-370A00F1B015}.Debug|x86.ActiveCfg = Debug|x86
		{DF8E86F9-F186-49CE-8225-370A00F1B015}.Debug|x86.Build.0 = Debug|x86
		{DF8E86F9-F186-49CE-8225-370A00F1B015}.Debug|x86.Deploy.0 = Debug|x86
		{DF8E86F9-F186-49CE-8225-370A00F1B015}.Release|Any CPU.ActiveCfg = Release|Any CPU
		{DF8E86F9-F186-49CE-8225-370A00F1B015}.Release|Any CPU.Build.0 = Release|Any CPU
		{DF8E86F9-F186-49CE-8225-370A00F1B015}.Release|Any CPU.Deploy.0 = Release|Any CPU
		{DF8E86F9-F186-49CE-8225-370A00F1B015}.Release|ARM.ActiveCfg = Release|ARM
		{DF8E86F9-F186-49CE-8225-370A00F1B015}.Release|ARM.Build.0 = Release|ARM
		{DF8E86F9-F186-49CE-8225-370A00F1B015}.Release|ARM.Deploy.0 = Release|ARM
		{DF8E86F9-F186-49CE-8225-370A00F1B015}.Release|x64.ActiveCfg = Release|Any CPU
		{DF8E86F9-F186-49CE-8225-370A00F1B015}.Release|x86.ActiveCfg = Release|x86
		{DF8E86F9-F186-49CE-8225-370A00F1B015}.Release|x86.Build.0 = Release|x86
		{DF8E86F9-F186-49CE-8225-370A00F1B015}.Release|x86.Deploy.0 = Release|x86
		{98CEA80D-5EA6-4D88-A5D6-596C1E22F7FA}.Debug|Any CPU.ActiveCfg = Debug|Any CPU
		{98CEA80D-5EA6-4D88-A5D6-596C1E22F7FA}.Debug|Any CPU.Build.0 = Debug|Any CPU
		{98CEA80D-5EA6-4D88-A5D6-596C1E22F7FA}.Debug|ARM.ActiveCfg = Debug|ARM
		{98CEA80D-5EA6-4D88-A5D6-596C1E22F7FA}.Debug|ARM.Build.0 = Debug|ARM
		{98CEA80D-5EA6-4D88-A5D6-596C1E22F7FA}.Debug|x64.ActiveCfg = Debug|Any CPU
		{98CEA80D-5EA6-4D88-A5D6-596C1E22F7FA}.Debug|x86.ActiveCfg = Debug|x86
		{98CEA80D-5EA6-4D88-A5D6-596C1E22F7FA}.Debug|x86.Build.0 = Debug|x86
		{98CEA80D-5EA6-4D88-A5D6-596C1E22F7FA}.Release|Any CPU.ActiveCfg = Release|Any CPU
		{98CEA80D-5EA6-4D88-A5D6-596C1E22F7FA}.Release|Any CPU.Build.0 = Release|Any CPU
		{98CEA80D-5EA6-4D88-A5D6-596C1E22F7FA}.Release|ARM.ActiveCfg = Release|ARM
		{98CEA80D-5EA6-4D88-A5D6-596C1E22F7FA}.Release|ARM.Build.0 = Release|ARM
		{98CEA80D-5EA6-4D88-A5D6-596C1E22F7FA}.Release|x64.ActiveCfg = Release|Any CPU
		{98CEA80D-5EA6-4D88-A5D6-596C1E22F7FA}.Release|x86.ActiveCfg = Release|x86
		{98CEA80D-5EA6-4D88-A5D6-596C1E22F7FA}.Release|x86.Build.0 = Release|x86
	EndGlobalSection
	GlobalSection(SolutionProperties) = preSolution
		HideSolutionNode = FALSE
	EndGlobalSection
	GlobalSection(NestedProjects) = preSolution
		{E850F33C-F379-4869-8959-FADE272ABBD0} = {BB5EDCAD-FDDA-4B64-9756-5773C85F4FB8}
		{EAA04371-F92D-4ECD-9D5C-2E6253D44F3E} = {BB5EDCAD-FDDA-4B64-9756-5773C85F4FB8}
		{DF8E86F9-F186-49CE-8225-370A00F1B015} = {BB5EDCAD-FDDA-4B64-9756-5773C85F4FB8}
	EndGlobalSection
EndGlobal
